<?xml version="1.0" encoding="utf-8"?>
<Project ToolsVersion="4.0" xmlns="http://schemas.microsoft.com/developer/msbuild/2003">
  <ItemGroup>
    <Filter Include="源文件">
      <UniqueIdentifier>{4FC737F1-C7A5-4376-A066-2A32D752A2FF}</UniqueIdentifier>
      <Extensions>cpp;c;cc;cxx;def;odl;idl;hpj;bat;asm;asmx</Extensions>
    </Filter>
    <Filter Include="头文件">
      <UniqueIdentifier>{93995380-89BD-4b04-88EB-625FBE52EBFB}</UniqueIdentifier>
      <Extensions>h;hpp;hxx;hm;inl;inc;xsd</Extensions>
    </Filter>
    <Filter Include="资源文件">
      <UniqueIdentifier>{67DA6AB6-F800-4c08-8B7A-83BB121AAD01}</UniqueIdentifier>
      <Extensions>rc;ico;cur;bmp;dlg;rc2;rct;bin;rgs;gif;jpg;jpeg;jpe;resx;tiff;tif;png;wav;mfcribbon-ms</Extensions>
    </Filter>
    <Filter Include="src">
      <UniqueIdentifier>{62aef56c-23ea-4796-87c6-06d4999e5a78}</UniqueIdentifier>
    </Filter>
    <Filter Include="src\program">
      <UniqueIdentifier>{b6902fbb-ac16-4c02-8aa1-58f3083f7af8}</UniqueIdentifier>
    </Filter>
    <Filter Include="include">
      <UniqueIdentifier>{a2fcacd8-e4f2-4dcb-93c9-11c8c5fb70ed}</UniqueIdentifier>
    </Filter>
  </ItemGroup>
  <ItemGroup>
    <Text Include="ReadMe.txt" />
  </ItemGroup>
  <ItemGroup>
    <ClInclude Include="stdafx.h">
      <Filter>头文件</Filter>
    </ClInclude>
    <ClInclude Include="targetver.h">
      <Filter>头文件</Filter>
    </ClInclude>
    <ClInclude Include="OGLESVersion.h">
      <Filter>头文件</Filter>
    </ClInclude>
    <ClInclude Include="src\COGLESBuffer.h">
      <Filter>src</Filter>
    </ClInclude>
    <ClInclude Include="src\COGLESCanvas.h">
      <Filter>src</Filter>
    </ClInclude>
    <ClInclude Include="src\COGLESTexture.h">
      <Filter>src</Filter>
    </ClInclude>
    <ClInclude Include="src\program\COGLESProgramFactory.h">
      <Filter>src\program</Filter>
    </ClInclude>
    <ClInclude Include="src\program\COGLESTexturedProgram.hpp">
      <Filter>src\program</Filter>
    </ClInclude>
    <ClInclude Include="src\program\COGLESBaseProgram.hpp">
      <Filter>src\program</Filter>
    </ClInclude>
    <ClInclude Include="src\program\COGLESBonedProgram.hpp">
      <Filter>src\program</Filter>
    </ClInclude>
    <ClInclude Include="src\program\COGLESProgram.h">
      <Filter>src\program</Filter>
    </ClInclude>
    <ClInclude Include="src\COGLESFactory.h">
      <Filter>src</Filter>
    </ClInclude>
    <ClInclude Include="src\COGLESContext.h">
      <Filter>src</Filter>
    </ClInclude>
  </ItemGroup>
  <ItemGroup>
    <ClCompile Include="stdafx.cpp">
      <Filter>源文件</Filter>
    </ClCompile>
    <ClCompile Include="OGLESVersion.cpp">
      <Filter>源文件</Filter>
    </ClCompile>
    <ClCompile Include="dllmain.cpp">
      <Filter>源文件</Filter>
    </ClCompile>
    <ClCompile Include="src\COGLESBuffer.cpp">
      <Filter>src</Filter>
    </ClCompile>
    <ClCompile Include="src\COGLESCanvas.cpp">
      <Filter>src</Filter>
    </ClCompile>
    <ClCompile Include="src\COGLESContext.cpp">
      <Filter>src</Filter>
    </ClCompile>
    <ClCompile Include="src\COGLESTexture.cpp">
      <Filter>src</Filter>
    </ClCompile>
    <ClCompile Include="src\program\COGLESBaseProgram.cpp">
      <Filter>src\program</Filter>
    </ClCompile>
    <ClCompile Include="src\program\COGLESProgram.cpp">
      <Filter>src\program</Filter>
    </ClCompile>
    <ClCompile Include="src\program\COGLESProgramFactory.cpp">
      <Filter>src\program</Filter>
    </ClCompile>
    <ClCompile Include="src\COGLESFactory.cpp">
      <Filter>src</Filter>
    </ClCompile>
  </ItemGroup>
</Project>