<?xml version="1.0" encoding="utf-8"?>
<Project ToolsVersion="4.0" xmlns="http://schemas.microsoft.com/developer/msbuild/2003">
  <ItemGroup>
    <Filter Include="源文件">
      <UniqueIdentifier>{4FC737F1-C7A5-4376-A066-2A32D752A2FF}</UniqueIdentifier>
      <Extensions>cpp;c;cc;cxx;def;odl;idl;hpj;bat;asm;asmx</Extensions>
    </Filter>
    <Filter Include="头文件">
      <UniqueIdentifier>{93995380-89BD-4b04-88EB-625FBE52EBFB}</UniqueIdentifier>
      <Extensions>h;hpp;hxx;hm;inl;inc;xsd</Extensions>
    </Filter>
    <Filter Include="资源文件">
      <UniqueIdentifier>{67DA6AB6-F800-4c08-8B7A-83BB121AAD01}</UniqueIdentifier>
      <Extensions>rc;ico;cur;bmp;dlg;rc2;rct;bin;rgs;gif;jpg;jpeg;jpe;resx;tiff;tif;png;wav;mfcribbon-ms</Extensions>
    </Filter>
    <Filter Include="opengl">
      <UniqueIdentifier>{51c67525-3082-458d-b6e8-b0b25e4f1d80}</UniqueIdentifier>
    </Filter>
    <Filter Include="opengl\program">
      <UniqueIdentifier>{3347a295-5189-465a-a9bd-6329a1574c23}</UniqueIdentifier>
    </Filter>
    <Filter Include="opengl\pariticle">
      <UniqueIdentifier>{97d87926-47d4-45dd-aa28-5ef8e27b7943}</UniqueIdentifier>
    </Filter>
  </ItemGroup>
  <ItemGroup>
    <ClCompile Include="src\program\COpenglProgram.cpp">
      <Filter>opengl\program</Filter>
    </ClCompile>
    <ClCompile Include="src\program\COpenglBaseProgram.cpp">
      <Filter>opengl\program</Filter>
    </ClCompile>
    <ClCompile Include="src\program\COpenglProgramFactory.cpp">
      <Filter>opengl\program</Filter>
    </ClCompile>
    <ClCompile Include="src\COpenglBuffer.cpp">
      <Filter>opengl</Filter>
    </ClCompile>
    <ClCompile Include="src\COpenglContext.cpp">
      <Filter>opengl</Filter>
    </ClCompile>
    <ClCompile Include="src\COpenglFactory.cpp">
      <Filter>opengl</Filter>
    </ClCompile>
    <ClCompile Include="src\COpenglTexture.cpp">
      <Filter>opengl</Filter>
    </ClCompile>
    <ClCompile Include="src\COpenglCanvas.cpp">
      <Filter>opengl</Filter>
    </ClCompile>
  </ItemGroup>
  <ItemGroup>
    <ClInclude Include="src\program\COpenglProgram.h">
      <Filter>opengl\program</Filter>
    </ClInclude>
    <ClInclude Include="src\program\COpenglProgramFactory.h">
      <Filter>opengl\program</Filter>
    </ClInclude>
    <ClInclude Include="src\COpenglBuffer.h">
      <Filter>opengl</Filter>
    </ClInclude>
    <ClInclude Include="src\COpenglContext.h">
      <Filter>opengl</Filter>
    </ClInclude>
    <ClInclude Include="src\COpenglFactory.h">
      <Filter>opengl</Filter>
    </ClInclude>
    <ClInclude Include="src\COpenglTexture.h">
      <Filter>opengl</Filter>
    </ClInclude>
    <ClInclude Include="src\COpenglCanvas.h">
      <Filter>opengl</Filter>
    </ClInclude>
    <ClInclude Include="src\program\COpenglBaseProgram.hpp">
      <Filter>opengl\program</Filter>
    </ClInclude>
    <ClInclude Include="src\program\COpenglTexturedProgram.hpp">
      <Filter>opengl\program</Filter>
    </ClInclude>
    <ClInclude Include="src\program\COpenglBonedProgram.hpp">
      <Filter>opengl\program</Filter>
    </ClInclude>
  </ItemGroup>
</Project>